
Microsoft Visual Studio Solution File, Format Version 12.00
# Visual Studio 15
VisualStudioVersion = 15.0.26403.7
MinimumVisualStudioVersion = 10.0.40219.1
Project("{FAE04EC0-301F-11D3-BF4B-00C04F79EFBC}") = "NuGetReferencesValidator", "NuGetReferencesValidator\NuGetReferencesValidator.csproj", "{5020A0B0-AF6F-4476-8E15-05141E5A0AD8}"
EndProject
Project("{FAE04EC0-301F-11D3-BF4B-00C04F79EFBC}") = "NuGetUtilities", "NuGetUtilities\NuGetUtilities.csproj", "{0D0C6925-7ABB-475E-914B-0A6C663100D7}"
EndProject
Project("{FAE04EC0-301F-11D3-BF4B-00C04F79EFBC}") = "NuGetUtilitiesTests", "NuGetUtilitiesTests\NuGetUtilitiesTests.csproj", "{0269CDC3-8972-438A-9765-DA90C0EB9C93}"
EndProject
Global
	GlobalSection(SolutionConfigurationPlatforms) = preSolution
		Debug|Any CPU = Debug|Any CPU
		Release|Any CPU = Release|Any CPU
	EndGlobalSection
	GlobalSection(ProjectConfigurationPlatforms) = postSolution
		{5020A0B0-AF6F-4476-8E15-05141E5A0AD8}.Debug|Any CPU.ActiveCfg = Debug|Any CPU
		{5020A0B0-AF6F-4476-8E15-05141E5A0AD8}.Debug|Any CPU.Build.0 = Debug|Any CPU
		{5020A0B0-AF6F-4476-8E15-05141E5A0AD8}.Release|Any CPU.ActiveCfg = Release|Any CPU
		{5020A0B0-AF6F-4476-8E15-05141E5A0AD8}.Release|Any CPU.Build.0 = Release|Any CPU
		{0D0C6925-7ABB-475E-914B-0A6C663100D7}.Debug|Any CPU.ActiveCfg = Debug|Any CPU
		{0D0C6925-7ABB-475E-914B-0A6C663100D7}.Debug|Any CPU.Build.0 = Debug|Any CPU
		{0D0C6925-7ABB-475E-914B-0A6C663100D7}.Release|Any CPU.ActiveCfg = Release|Any CPU
		{0D0C6925-7ABB-475E-914B-0A6C663100D7}.Release|Any CPU.Build.0 = Release|Any CPU
		{0269CDC3-8972-438A-9765-DA90C0EB9C93}.Debug|Any CPU.ActiveCfg = Debug|Any CPU
		{0269CDC3-8972-438A-9765-DA90C0EB9C93}.Debug|Any CPU.Build.0 = Debug|Any CPU
		{0269CDC3-8972-438A-9765-DA90C0EB9C93}.Release|Any CPU.ActiveCfg = Release|Any CPU
		{0269CDC3-8972-438A-9765-DA90C0EB9C93}.Release|Any CPU.Build.0 = Release|Any CPU
	EndGlobalSection
	GlobalSection(SolutionProperties) = preSolution
		HideSolutionNode = FALSE
	EndGlobalSection
EndGlobal
